
Microsoft Visual Studio Solution File, Format Version 12.00
# Visual Studio 15
VisualStudioVersion = 15.0.27428.2027
MinimumVisualStudioVersion = 10.0.40219.1
Project("{9A19103F-16F7-4668-BE54-9A1E7A4F7556}") = "Pru.Ims.Web", "Pru.Ims.Web\Pru.Ims.Web.csproj", "{8AB05A4B-3F2A-4D59-BD35-141F011DF9C4}"
EndProject
Project("{9A19103F-16F7-4668-BE54-9A1E7A4F7556}") = "Pru.Ims.Core.Implementation", "Pru.Ims.Core.Implementation\Pru.Ims.Core.Implementation.csproj", "{9E5558E0-0003-494F-89B4-73AC183A4832}"
EndProject
Project("{9A19103F-16F7-4668-BE54-9A1E7A4F7556}") = "Pru.Ims.Test", "Pru.Ims.Test\Pru.Ims.Test.csproj", "{EE3C4B71-AAD6-42BE-8408-E40066EB8DDD}"
EndProject
Project("{FAE04EC0-301F-11D3-BF4B-00C04F79EFBC}") = "Pru.Ims.Core", "Pru.Ims.Core\Pru.Ims.Core.csproj", "{735338C9-D113-4F0B-8263-30AD4CCFA5C5}"
EndProject
Global
	GlobalSection(SolutionConfigurationPlatforms) = preSolution
		Debug|Any CPU = Debug|Any CPU
		Release|Any CPU = Release|Any CPU
	EndGlobalSection
	GlobalSection(ProjectConfigurationPlatforms) = postSolution
		{8AB05A4B-3F2A-4D59-BD35-141F011DF9C4}.Debug|Any CPU.ActiveCfg = Debug|Any CPU
		{8AB05A4B-3F2A-4D59-BD35-141F011DF9C4}.Debug|Any CPU.Build.0 = Debug|Any CPU
		{8AB05A4B-3F2A-4D59-BD35-141F011DF9C4}.Release|Any CPU.ActiveCfg = Release|Any CPU
		{8AB05A4B-3F2A-4D59-BD35-141F011DF9C4}.Release|Any CPU.Build.0 = Release|Any CPU
		{9E5558E0-0003-494F-89B4-73AC183A4832}.Debug|Any CPU.ActiveCfg = Debug|Any CPU
		{9E5558E0-0003-494F-89B4-73AC183A4832}.Debug|Any CPU.Build.0 = Debug|Any CPU
		{9E5558E0-0003-494F-89B4-73AC183A4832}.Release|Any CPU.ActiveCfg = Release|Any CPU
		{9E5558E0-0003-494F-89B4-73AC183A4832}.Release|Any CPU.Build.0 = Release|Any CPU
		{EE3C4B71-AAD6-42BE-8408-E40066EB8DDD}.Debug|Any CPU.ActiveCfg = Debug|Any CPU
		{EE3C4B71-AAD6-42BE-8408-E40066EB8DDD}.Debug|Any CPU.Build.0 = Debug|Any CPU
		{EE3C4B71-AAD6-42BE-8408-E40066EB8DDD}.Release|Any CPU.ActiveCfg = Release|Any CPU
		{EE3C4B71-AAD6-42BE-8408-E40066EB8DDD}.Release|Any CPU.Build.0 = Release|Any CPU
		{735338C9-D113-4F0B-8263-30AD4CCFA5C5}.Debug|Any CPU.ActiveCfg = Debug|Any CPU
		{735338C9-D113-4F0B-8263-30AD4CCFA5C5}.Debug|Any CPU.Build.0 = Debug|Any CPU
		{735338C9-D113-4F0B-8263-30AD4CCFA5C5}.Release|Any CPU.ActiveCfg = Release|Any CPU
		{735338C9-D113-4F0B-8263-30AD4CCFA5C5}.Release|Any CPU.Build.0 = Release|Any CPU
	EndGlobalSection
	GlobalSection(SolutionProperties) = preSolution
		HideSolutionNode = FALSE
	EndGlobalSection
	GlobalSection(ExtensibilityGlobals) = postSolution
		SolutionGuid = {4E0394F6-FEB7-4D7D-A529-A958EE135C93}
	EndGlobalSection
EndGlobal
