
Microsoft Visual Studio Solution File, Format Version 12.00
# Visual Studio 15
VisualStudioVersion = 15.0.27428.2037
MinimumVisualStudioVersion = 10.0.40219.1
Project("{9A19103F-16F7-4668-BE54-9A1E7A4F7556}") = "Pru.Ims.Core", "Pru.Ims.Core\Pru.Ims.Core.csproj", "{866C4492-5DA7-4327-893E-8EED52FEAA4C}"
EndProject
Project("{9A19103F-16F7-4668-BE54-9A1E7A4F7556}") = "Pru.Ims.Core.Implementation", "Pru.Ims.Core.Implementation\Pru.Ims.Core.Implementation.csproj", "{FE1AD964-12C0-4D35-B155-55D79FDCEEBD}"
EndProject
Global
	GlobalSection(SolutionConfigurationPlatforms) = preSolution
		Debug|Any CPU = Debug|Any CPU
		Release|Any CPU = Release|Any CPU
	EndGlobalSection
	GlobalSection(ProjectConfigurationPlatforms) = postSolution
		{866C4492-5DA7-4327-893E-8EED52FEAA4C}.Debug|Any CPU.ActiveCfg = Debug|Any CPU
		{866C4492-5DA7-4327-893E-8EED52FEAA4C}.Debug|Any CPU.Build.0 = Debug|Any CPU
		{866C4492-5DA7-4327-893E-8EED52FEAA4C}.Release|Any CPU.ActiveCfg = Release|Any CPU
		{866C4492-5DA7-4327-893E-8EED52FEAA4C}.Release|Any CPU.Build.0 = Release|Any CPU
		{FE1AD964-12C0-4D35-B155-55D79FDCEEBD}.Debug|Any CPU.ActiveCfg = Debug|Any CPU
		{FE1AD964-12C0-4D35-B155-55D79FDCEEBD}.Debug|Any CPU.Build.0 = Debug|Any CPU
		{FE1AD964-12C0-4D35-B155-55D79FDCEEBD}.Release|Any CPU.ActiveCfg = Release|Any CPU
		{FE1AD964-12C0-4D35-B155-55D79FDCEEBD}.Release|Any CPU.Build.0 = Release|Any CPU
	EndGlobalSection
	GlobalSection(SolutionProperties) = preSolution
		HideSolutionNode = FALSE
	EndGlobalSection
	GlobalSection(ExtensibilityGlobals) = postSolution
		SolutionGuid = {A4CA81B3-5624-4525-ABA6-5E7B4D072EDD}
	EndGlobalSection
EndGlobal
